
Microsoft Visual Studio Solution File, Format Version 11.00
# Visual Basic Express 2010
Project("{F184B08F-C81C-45F6-A57F-5ABD9991F28F}") = "CIS170A_Lab07", "CIS170A_Lab07.vbproj", "{9F64E161-5DDA-4086-A549-AE1AC1B613A1}"
EndProject
Global
	GlobalSection(SolutionConfigurationPlatforms) = preSolution
		Debug|x86 = Debug|x86
		Release|x86 = Release|x86
	EndGlobalSection
	GlobalSection(ProjectConfigurationPlatforms) = postSolution
		{9F64E161-5DDA-4086-A549-AE1AC1B613A1}.Debug|x86.ActiveCfg = Debug|x86
		{9F64E161-5DDA-4086-A549-AE1AC1B613A1}.Debug|x86.Build.0 = Debug|x86
		{9F64E161-5DDA-4086-A549-AE1AC1B613A1}.Release|x86.ActiveCfg = Release|x86
		{9F64E161-5DDA-4086-A549-AE1AC1B613A1}.Release|x86.Build.0 = Release|x86
	EndGlobalSection
	GlobalSection(SolutionProperties) = preSolution
		HideSolutionNode = FALSE
	EndGlobalSection
EndGlobal
